
Microsoft Visual Studio Solution File, Format Version 12.00
# Visual Studio Version 17
VisualStudioVersion = 17.0.31903.59
MinimumVisualStudioVersion = 10.0.40219.1
Project("{FAE04EC0-301F-11D3-BF4B-00C04F79EFBC}") = "ProjectManager.MVC", "ProjectManager.MVC\ProjectManager.MVC.csproj", "{92BA0EA8-88C2-40D6-A852-09404897456E}"
EndProject
Global
	GlobalSection(SolutionConfigurationPlatforms) = preSolution
		Debug|Any CPU = Debug|Any CPU
		Release|Any CPU = Release|Any CPU
	EndGlobalSection
	GlobalSection(ProjectConfigurationPlatforms) = postSolution
		{92BA0EA8-88C2-40D6-A852-09404897456E}.Debug|Any CPU.ActiveCfg = Debug|Any CPU
		{92BA0EA8-88C2-40D6-A852-09404897456E}.Debug|Any CPU.Build.0 = Debug|Any CPU
		{92BA0EA8-88C2-40D6-A852-09404897456E}.Release|Any CPU.ActiveCfg = Release|Any CPU
		{92BA0EA8-88C2-40D6-A852-09404897456E}.Release|Any CPU.Build.0 = Release|Any CPU
	EndGlobalSection
	GlobalSection(SolutionProperties) = preSolution
		HideSolutionNode = FALSE
	EndGlobalSection
	GlobalSection(ExtensibilityGlobals) = postSolution
		SolutionGuid = {D41D0332-2222-44C1-AC1E-C5CCDCF5F8B6}
	EndGlobalSection
EndGlobal
